
Microsoft Visual Studio Solution File, Format Version 12.00
# Visual Studio Version 16
VisualStudioVersion = 16.0.30011.22
MinimumVisualStudioVersion = 10.0.40219.1
Project("{FAE04EC0-301F-11D3-BF4B-00C04F79EFBC}") = "ProjectOneV2", "ProjectOneV2\ProjectOneV2.csproj", "{31B143A2-A4CC-441E-97D1-BE61290BE28D}"
EndProject
Global
	GlobalSection(SolutionConfigurationPlatforms) = preSolution
		Debug|Any CPU = Debug|Any CPU
		Release|Any CPU = Release|Any CPU
	EndGlobalSection
	GlobalSection(ProjectConfigurationPlatforms) = postSolution
		{31B143A2-A4CC-441E-97D1-BE61290BE28D}.Debug|Any CPU.ActiveCfg = Debug|Any CPU
		{31B143A2-A4CC-441E-97D1-BE61290BE28D}.Debug|Any CPU.Build.0 = Debug|Any CPU
		{31B143A2-A4CC-441E-97D1-BE61290BE28D}.Release|Any CPU.ActiveCfg = Release|Any CPU
		{31B143A2-A4CC-441E-97D1-BE61290BE28D}.Release|Any CPU.Build.0 = Release|Any CPU
	EndGlobalSection
	GlobalSection(SolutionProperties) = preSolution
		HideSolutionNode = FALSE
	EndGlobalSection
	GlobalSection(ExtensibilityGlobals) = postSolution
		SolutionGuid = {C23ECE27-364E-40B0-9AA0-1A83038F00D6}
	EndGlobalSection
EndGlobal
